
Microsoft Visual Studio Solution File, Format Version 12.00
# Visual Studio Version 16
VisualStudioVersion = 16.0.31624.102
MinimumVisualStudioVersion = 10.0.40219.1
Project("{8BC9CEB8-8B4A-11D0-8D11-00A0C91BC942}") = "colletc_artifacts", "colletc_artifacts.vcxproj", "{78383F74-1358-4F3E-9EE9-471419E9F947}"
EndProject
Global
	GlobalSection(SolutionConfigurationPlatforms) = preSolution
		Debug|x64 = Debug|x64
		Debug|x86 = Debug|x86
		Release|x64 = Release|x64
		Release|x86 = Release|x86
	EndGlobalSection
	GlobalSection(ProjectConfigurationPlatforms) = postSolution
		{78383F74-1358-4F3E-9EE9-471419E9F947}.Debug|x64.ActiveCfg = Debug|x64
		{78383F74-1358-4F3E-9EE9-471419E9F947}.Debug|x64.Build.0 = Debug|x64
		{78383F74-1358-4F3E-9EE9-471419E9F947}.Debug|x86.ActiveCfg = Debug|Win32
		{78383F74-1358-4F3E-9EE9-471419E9F947}.Debug|x86.Build.0 = Debug|Win32
		{78383F74-1358-4F3E-9EE9-471419E9F947}.Release|x64.ActiveCfg = Release|x64
		{78383F74-1358-4F3E-9EE9-471419E9F947}.Release|x64.Build.0 = Release|x64
		{78383F74-1358-4F3E-9EE9-471419E9F947}.Release|x86.ActiveCfg = Release|Win32
		{78383F74-1358-4F3E-9EE9-471419E9F947}.Release|x86.Build.0 = Release|Win32
	EndGlobalSection
	GlobalSection(SolutionProperties) = preSolution
		HideSolutionNode = FALSE
	EndGlobalSection
	GlobalSection(ExtensibilityGlobals) = postSolution
		SolutionGuid = {A6943A2B-08F1-4BBD-8D16-231FCF22DFF4}
	EndGlobalSection
EndGlobal
